
Microsoft Visual Studio Solution File, Format Version 12.00
# Visual Studio Version 17
VisualStudioVersion = 17.10.34607.79
MinimumVisualStudioVersion = 10.0.40219.1
Project("{9A19103F-16F7-4668-BE54-9A1E7A4F7556}") = "DevTestTools.UI", "DevTestTools.UI.csproj", "{22CD2FAB-D3CB-4A57-8AEE-694218B48B32}"
EndProject
Project("{FAE04EC0-301F-11D3-BF4B-00C04F79EFBC}") = "DevTestTools.DAL", "..\DevTestTools.DAL\DevTestTools.DAL.csproj", "{F4F36FD5-0E62-4052-A3E6-AE54A33AC031}"
EndProject
Global
	GlobalSection(SolutionConfigurationPlatforms) = preSolution
		Debug|Any CPU = Debug|Any CPU
		Release|Any CPU = Release|Any CPU
	EndGlobalSection
	GlobalSection(ProjectConfigurationPlatforms) = postSolution
		{22CD2FAB-D3CB-4A57-8AEE-694218B48B32}.Debug|Any CPU.ActiveCfg = Debug|Any CPU
		{22CD2FAB-D3CB-4A57-8AEE-694218B48B32}.Debug|Any CPU.Build.0 = Debug|Any CPU
		{22CD2FAB-D3CB-4A57-8AEE-694218B48B32}.Release|Any CPU.ActiveCfg = Release|Any CPU
		{22CD2FAB-D3CB-4A57-8AEE-694218B48B32}.Release|Any CPU.Build.0 = Release|Any CPU
		{F4F36FD5-0E62-4052-A3E6-AE54A33AC031}.Debug|Any CPU.ActiveCfg = Debug|Any CPU
		{F4F36FD5-0E62-4052-A3E6-AE54A33AC031}.Debug|Any CPU.Build.0 = Debug|Any CPU
		{F4F36FD5-0E62-4052-A3E6-AE54A33AC031}.Release|Any CPU.ActiveCfg = Release|Any CPU
		{F4F36FD5-0E62-4052-A3E6-AE54A33AC031}.Release|Any CPU.Build.0 = Release|Any CPU
	EndGlobalSection
	GlobalSection(SolutionProperties) = preSolution
		HideSolutionNode = FALSE
	EndGlobalSection
	GlobalSection(ExtensibilityGlobals) = postSolution
		SolutionGuid = {A273976A-BA89-4C6F-B99C-5045B920F6BF}
	EndGlobalSection
EndGlobal
